# This file is generated by running "yarn install" inside your project.
# Manual changes might be lost - proceed with caution!

__metadata:
  version: 6
  cacheKey: 8

"Rock-Paper-Scissors@workspace:.":
  version: 0.0.0-use.local
  resolution: "Rock-Paper-Scissors@workspace:."
  dependencies:
    js-confetti: ^0.11.0
  languageName: unknown
  linkType: soft

"js-confetti@npm:^0.11.0":
  version: 0.11.0
  resolution: "js-confetti@npm:0.11.0"
  checksum: 6bd280952842bb9cf0587042fe8f716423bc1e8a652145aeaefb68c70480be4477ae9ff556e569a7fa05763e8e24d0d2700d9cf88e7f210261e83069deb74dbf
  languageName: node
  linkType: hard
